
Microsoft Visual Studio Solution File, Format Version 12.00
# Visual Studio Version 17
VisualStudioVersion = 17.10.35027.167
MinimumVisualStudioVersion = 10.0.40219.1
Project("{FAE04EC0-301F-11D3-BF4B-00C04F79EFBC}") = "Part1InheritanceDemo", "Part1InheritanceDemo\Part1InheritanceDemo.csproj", "{333C4234-B088-405D-A8D8-CFCB7E299772}"
EndProject
Global
	GlobalSection(SolutionConfigurationPlatforms) = preSolution
		Debug|Any CPU = Debug|Any CPU
		Release|Any CPU = Release|Any CPU
	EndGlobalSection
	GlobalSection(ProjectConfigurationPlatforms) = postSolution
		{333C4234-B088-405D-A8D8-CFCB7E299772}.Debug|Any CPU.ActiveCfg = Debug|Any CPU
		{333C4234-B088-405D-A8D8-CFCB7E299772}.Debug|Any CPU.Build.0 = Debug|Any CPU
		{333C4234-B088-405D-A8D8-CFCB7E299772}.Release|Any CPU.ActiveCfg = Release|Any CPU
		{333C4234-B088-405D-A8D8-CFCB7E299772}.Release|Any CPU.Build.0 = Release|Any CPU
	EndGlobalSection
	GlobalSection(SolutionProperties) = preSolution
		HideSolutionNode = FALSE
	EndGlobalSection
	GlobalSection(ExtensibilityGlobals) = postSolution
		SolutionGuid = {E8D125F3-A470-4A92-AD87-09A2961DA3FC}
	EndGlobalSection
EndGlobal
