
Microsoft Visual Studio Solution File, Format Version 12.00
# Visual Studio Version 17
VisualStudioVersion = 17.10.35027.167
MinimumVisualStudioVersion = 10.0.40219.1
Project("{9A19103F-16F7-4668-BE54-9A1E7A4F7556}") = "Part1InheritanceDemo", "Part1InheritanceDemo\Part1InheritanceDemo.csproj", "{333C4234-B088-405D-A8D8-CFCB7E299772}"
EndProject
Project("{9A19103F-16F7-4668-BE54-9A1E7A4F7556}") = "Part2ClassOfTypesDmeo", "Part2ClassOfTypesDmeo\Part2ClassOfTypesDmeo.csproj", "{FA568E85-F65E-4846-BB8F-3D60537ED1C9}"
EndProject
Project("{9A19103F-16F7-4668-BE54-9A1E7A4F7556}") = "DemoClassStaticDemo", "DemoClassStaticDemo\DemoClassStaticDemo.csproj", "{2ABFF6FF-3A5C-40CF-8C7B-F53669ADE2D8}"
EndProject
Project("{9A19103F-16F7-4668-BE54-9A1E7A4F7556}") = "Part3PartialDemo", "Part3PartialDemo\Part3PartialDemo.csproj", "{A64C621F-9034-457A-B6A6-0583CE957D27}"
EndProject
Project("{9A19103F-16F7-4668-BE54-9A1E7A4F7556}") = "Day7CSharpPart1AbstarctClass", "Day7CSharpPart1AbstarctClass\Day7CSharpPart1AbstarctClass.csproj", "{6C89D7CB-1971-48AC-ADBC-932ADAD5279F}"
EndProject
Project("{9A19103F-16F7-4668-BE54-9A1E7A4F7556}") = "Day7CSharpPart2Interface", "Day7CSharpPart2Interface\Day7CSharpPart2Interface.csproj", "{4B2065B1-B717-4FA3-A28D-B25060A4BC15}"
EndProject
Project("{9A19103F-16F7-4668-BE54-9A1E7A4F7556}") = "Day7CSharpPart3InnerClass", "Day7CSharpPart3InnerClass\Day7CSharpPart3InnerClass.csproj", "{284D389C-3763-49AE-A55F-17F555559B60}"
EndProject
Project("{9A19103F-16F7-4668-BE54-9A1E7A4F7556}") = "Day7CSharpPart4EnumStruct", "Day7CSharpPart4EnumStruct\Day7CSharpPart4EnumStruct.csproj", "{9001EB06-C5D1-42C6-897F-EAE9EFFC3E04}"
EndProject
Project("{9A19103F-16F7-4668-BE54-9A1E7A4F7556}") = "Day7CsharpPart5Enum", "Day7CsharpPart5Enum\Day7CsharpPart5Enum.csproj", "{474D349B-81AF-491E-9C63-185C976F52DD}"
EndProject
Project("{9A19103F-16F7-4668-BE54-9A1E7A4F7556}") = "Day7CSharpPart6DLL", "Day7CSharpPart6DLL\Day7CSharpPart6DLL.csproj", "{8FCD1417-D0B8-4940-8F3A-7478C8DB2488}"
EndProject
Project("{9A19103F-16F7-4668-BE54-9A1E7A4F7556}") = "Day7CSharpPart7ConsumingDLL", "Day7CSharpPart7ConsumingDLL\Day7CSharpPart7ConsumingDLL.csproj", "{EACA1038-8BB1-4118-8413-10F3B08AB207}"
EndProject
Project("{9A19103F-16F7-4668-BE54-9A1E7A4F7556}") = "Day7ScharpPart8GenericType", "Day7ScharpPart8GenericType\Day7ScharpPart8GenericType.csproj", "{BFB35733-3C40-4BBD-984C-28D3CFCA440E}"
EndProject
Project("{9A19103F-16F7-4668-BE54-9A1E7A4F7556}") = "WpfApp1", "WpfApp1\WpfApp1.csproj", "{81B83F3A-3106-4A40-95C9-FFB58F5CBFCE}"
EndProject
Project("{9A19103F-16F7-4668-BE54-9A1E7A4F7556}") = "Day8CsharpPart1LINQ", "Day8CsharpPart1LINQ\Day8CsharpPart1LINQ.csproj", "{14760DE7-3478-4D52-A061-1989B8D1A61B}"
EndProject
Project("{9A19103F-16F7-4668-BE54-9A1E7A4F7556}") = "Day8CSharpPart2Delegate", "Day8CSharpPart2Delegate\Day8CSharpPart2Delegate.csproj", "{803D3129-D90E-447A-9D96-789A36B52A64}"
EndProject
Project("{9A19103F-16F7-4668-BE54-9A1E7A4F7556}") = "Day8ScharpPart2DelegateInBS", "Day8ScharpPart2DelegateInBS\Day8ScharpPart2DelegateInBS.csproj", "{518D49D5-E6C0-4DD5-B721-17CF857E9BB0}"
EndProject
Project("{9A19103F-16F7-4668-BE54-9A1E7A4F7556}") = "Day8CSharpPart3Fun_Action_pred", "Day8CSharpPart3Fun_Action_pred\Day8CSharpPart3Fun_Action_pred.csproj", "{A85976A9-C3F1-477A-9E54-225E28D051AF}"
EndProject
Project("{9A19103F-16F7-4668-BE54-9A1E7A4F7556}") = "Day9CSharpDataAccessADOPart1", "Day9CSharpDataAccessADOPart1\Day9CSharpDataAccessADOPart1.csproj", "{5649A3B9-744A-42CE-AEFE-055108763048}"
EndProject
Project("{9A19103F-16F7-4668-BE54-9A1E7A4F7556}") = "Day9CSharpEFCoreCodeFirstPart2", "Day9CSharpEFCoreCodeFirstPart2\Day9CSharpEFCoreCodeFirstPart2.csproj", "{96454522-3F21-4095-9223-FE172DC7DC3A}"
EndProject
Project("{9A19103F-16F7-4668-BE54-9A1E7A4F7556}") = "Day10HTML5Part1", "Day10HTML5Part1\Day10HTML5Part1.csproj", "{77393D0F-213A-446B-BDEF-2DE3F83538A2}"
EndProject
Project("{9A19103F-16F7-4668-BE54-9A1E7A4F7556}") = "Day10CSharpPart1", "Day10CSharpPart1\Day10CSharpPart1.csproj", "{D150A799-8058-4CFE-900C-0C99C7B12114}"
EndProject
Project("{9A19103F-16F7-4668-BE54-9A1E7A4F7556}") = "Day10CSharpCTORInhertPart2", "Day10CSharpCTORInhertPart2\Day10CSharpCTORInhertPart2.csproj", "{F1CBFD24-6849-4912-89CB-F1E94846A922}"
EndProject
Project("{9A19103F-16F7-4668-BE54-9A1E7A4F7556}") = "Day10HTML5CssPart3", "Day10HTML5CssPart3\Day10HTML5CssPart3.csproj", "{0B74CB4F-BBA7-4341-A65A-3CCBC16E2C06}"
EndProject
Project("{9A19103F-16F7-4668-BE54-9A1E7A4F7556}") = "Day19HTML5CSSPart1", "Day19HTML5CSSPart1\Day19HTML5CSSPart1.csproj", "{985238DA-9364-4D9C-815E-F297FAD10A41}"
EndProject
Project("{9A19103F-16F7-4668-BE54-9A1E7A4F7556}") = "Day20JavaScriptPart1", "Day20JavaScriptPart1\Day20JavaScriptPart1.csproj", "{3C35C6C1-6948-4ABC-9E22-6BF1679CECC2}"
EndProject
Project("{9A19103F-16F7-4668-BE54-9A1E7A4F7556}") = "Day21JavaScriptPart2", "Day21JavaScriptPart2\Day21JavaScriptPart2.csproj", "{49F40E19-ACC0-4320-A1B2-656654BDFAFC}"
EndProject
Project("{9A19103F-16F7-4668-BE54-9A1E7A4F7556}") = "Day22JavaScriptPart1", "Day22JavaScriptPart1\Day22JavaScriptPart1.csproj", "{855E37DF-1EDA-464C-BD05-9533E822027D}"
EndProject
Project("{9A19103F-16F7-4668-BE54-9A1E7A4F7556}") = "Day1WebAPIPart1", "Day1WebAPIPart1\Day1WebAPIPart1.csproj", "{4B05C6D9-64AC-4FDA-B9FD-ACFDE0E71330}"
EndProject
Project("{9A19103F-16F7-4668-BE54-9A1E7A4F7556}") = "MVCFirstAppWebApiPart2", "MVCFirstAppWebApiPart2\MVCFirstAppWebApiPart2.csproj", "{FF0CC84F-1536-4760-B0CC-04A0CF93FFAE}"
EndProject
Project("{9A19103F-16F7-4668-BE54-9A1E7A4F7556}") = "WebAPIFirstPart3", "WebAPIFirstPart3\WebAPIFirstPart3.csproj", "{AFABE108-DE3E-4BB9-A23E-2119FD1EEF7B}"
EndProject
Project("{9A19103F-16F7-4668-BE54-9A1E7A4F7556}") = "WebApiDay2Part1", "WebApiDay2Part1\WebApiDay2Part1.csproj", "{2D58C8F6-AD72-43FE-9D32-153E28EAAF14}"
EndProject
Project("{9A19103F-16F7-4668-BE54-9A1E7A4F7556}") = "WebApiCRUDDay3Demo", "WebApiCRUDDay3Demo\WebApiCRUDDay3Demo.csproj", "{1CF5D1B5-6DB2-4C8A-A37F-F8342492274E}"
EndProject
Project("{9A19103F-16F7-4668-BE54-9A1E7A4F7556}") = "WebApiDay5Demo", "WebApiDay5Demo\WebApiDay5Demo.csproj", "{C35527C4-9A27-443D-8FC4-9527B7BB2ACE}"
EndProject
Project("{FAE04EC0-301F-11D3-BF4B-00C04F79EFBC}") = "Day28DatabaseFirst", "Day28DatabaseFirst\Day28DatabaseFirst.csproj", "{249826F1-D5E9-4208-BAD3-F475C3BE3A00}"
EndProject
Project("{FAE04EC0-301F-11D3-BF4B-00C04F79EFBC}") = "ConsumingWebAPIDemo", "ConsumingWebAPIDemo\ConsumingWebAPIDemo.csproj", "{87996FC9-F051-41D0-A856-A4165E30CDA2}"
EndProject
Project("{FAE04EC0-301F-11D3-BF4B-00C04F79EFBC}") = "MVCFirstAppDemo", "MVCFirstAppDemo\MVCFirstAppDemo.csproj", "{97A48B1C-7887-4E4F-822A-99173C37C45F}"
EndProject
Project("{FAE04EC0-301F-11D3-BF4B-00C04F79EFBC}") = "Day2MVC_Demo", "Day2MVC_Demo\Day2MVC_Demo.csproj", "{5EBE5CBC-EAC3-460B-B9FF-0D525CDE9550}"
EndProject
Project("{FAE04EC0-301F-11D3-BF4B-00C04F79EFBC}") = "MVCAppDay4Demo", "MVCAppDay4Demo\MVCAppDay4Demo.csproj", "{8F69825D-2A72-491F-B6E8-DE7C8FB4DFF4}"
EndProject
Project("{FAE04EC0-301F-11D3-BF4B-00C04F79EFBC}") = "SyncVsAsyncPeogramDemo", "SyncVsAsyncPeogramDemo\SyncVsAsyncPeogramDemo.csproj", "{D721324F-CAAF-433E-9D00-59632CC97C79}"
EndProject
Global
	GlobalSection(SolutionConfigurationPlatforms) = preSolution
		Debug|Any CPU = Debug|Any CPU
		Release|Any CPU = Release|Any CPU
	EndGlobalSection
	GlobalSection(ProjectConfigurationPlatforms) = postSolution
		{333C4234-B088-405D-A8D8-CFCB7E299772}.Debug|Any CPU.ActiveCfg = Debug|Any CPU
		{333C4234-B088-405D-A8D8-CFCB7E299772}.Debug|Any CPU.Build.0 = Debug|Any CPU
		{333C4234-B088-405D-A8D8-CFCB7E299772}.Release|Any CPU.ActiveCfg = Release|Any CPU
		{333C4234-B088-405D-A8D8-CFCB7E299772}.Release|Any CPU.Build.0 = Release|Any CPU
		{FA568E85-F65E-4846-BB8F-3D60537ED1C9}.Debug|Any CPU.ActiveCfg = Debug|Any CPU
		{FA568E85-F65E-4846-BB8F-3D60537ED1C9}.Debug|Any CPU.Build.0 = Debug|Any CPU
		{FA568E85-F65E-4846-BB8F-3D60537ED1C9}.Release|Any CPU.ActiveCfg = Release|Any CPU
		{FA568E85-F65E-4846-BB8F-3D60537ED1C9}.Release|Any CPU.Build.0 = Release|Any CPU
		{2ABFF6FF-3A5C-40CF-8C7B-F53669ADE2D8}.Debug|Any CPU.ActiveCfg = Debug|Any CPU
		{2ABFF6FF-3A5C-40CF-8C7B-F53669ADE2D8}.Debug|Any CPU.Build.0 = Debug|Any CPU
		{2ABFF6FF-3A5C-40CF-8C7B-F53669ADE2D8}.Release|Any CPU.ActiveCfg = Release|Any CPU
		{2ABFF6FF-3A5C-40CF-8C7B-F53669ADE2D8}.Release|Any CPU.Build.0 = Release|Any CPU
		{A64C621F-9034-457A-B6A6-0583CE957D27}.Debug|Any CPU.ActiveCfg = Debug|Any CPU
		{A64C621F-9034-457A-B6A6-0583CE957D27}.Debug|Any CPU.Build.0 = Debug|Any CPU
		{A64C621F-9034-457A-B6A6-0583CE957D27}.Release|Any CPU.ActiveCfg = Release|Any CPU
		{A64C621F-9034-457A-B6A6-0583CE957D27}.Release|Any CPU.Build.0 = Release|Any CPU
		{6C89D7CB-1971-48AC-ADBC-932ADAD5279F}.Debug|Any CPU.ActiveCfg = Debug|Any CPU
		{6C89D7CB-1971-48AC-ADBC-932ADAD5279F}.Debug|Any CPU.Build.0 = Debug|Any CPU
		{6C89D7CB-1971-48AC-ADBC-932ADAD5279F}.Release|Any CPU.ActiveCfg = Release|Any CPU
		{6C89D7CB-1971-48AC-ADBC-932ADAD5279F}.Release|Any CPU.Build.0 = Release|Any CPU
		{4B2065B1-B717-4FA3-A28D-B25060A4BC15}.Debug|Any CPU.ActiveCfg = Debug|Any CPU
		{4B2065B1-B717-4FA3-A28D-B25060A4BC15}.Debug|Any CPU.Build.0 = Debug|Any CPU
		{4B2065B1-B717-4FA3-A28D-B25060A4BC15}.Release|Any CPU.ActiveCfg = Release|Any CPU
		{4B2065B1-B717-4FA3-A28D-B25060A4BC15}.Release|Any CPU.Build.0 = Release|Any CPU
		{284D389C-3763-49AE-A55F-17F555559B60}.Debug|Any CPU.ActiveCfg = Debug|Any CPU
		{284D389C-3763-49AE-A55F-17F555559B60}.Debug|Any CPU.Build.0 = Debug|Any CPU
		{284D389C-3763-49AE-A55F-17F555559B60}.Release|Any CPU.ActiveCfg = Release|Any CPU
		{284D389C-3763-49AE-A55F-17F555559B60}.Release|Any CPU.Build.0 = Release|Any CPU
		{9001EB06-C5D1-42C6-897F-EAE9EFFC3E04}.Debug|Any CPU.ActiveCfg = Debug|Any CPU
		{9001EB06-C5D1-42C6-897F-EAE9EFFC3E04}.Debug|Any CPU.Build.0 = Debug|Any CPU
		{9001EB06-C5D1-42C6-897F-EAE9EFFC3E04}.Release|Any CPU.ActiveCfg = Release|Any CPU
		{9001EB06-C5D1-42C6-897F-EAE9EFFC3E04}.Release|Any CPU.Build.0 = Release|Any CPU
		{474D349B-81AF-491E-9C63-185C976F52DD}.Debug|Any CPU.ActiveCfg = Debug|Any CPU
		{474D349B-81AF-491E-9C63-185C976F52DD}.Debug|Any CPU.Build.0 = Debug|Any CPU
		{474D349B-81AF-491E-9C63-185C976F52DD}.Release|Any CPU.ActiveCfg = Release|Any CPU
		{474D349B-81AF-491E-9C63-185C976F52DD}.Release|Any CPU.Build.0 = Release|Any CPU
		{8FCD1417-D0B8-4940-8F3A-7478C8DB2488}.Debug|Any CPU.ActiveCfg = Debug|Any CPU
		{8FCD1417-D0B8-4940-8F3A-7478C8DB2488}.Debug|Any CPU.Build.0 = Debug|Any CPU
		{8FCD1417-D0B8-4940-8F3A-7478C8DB2488}.Release|Any CPU.ActiveCfg = Release|Any CPU
		{8FCD1417-D0B8-4940-8F3A-7478C8DB2488}.Release|Any CPU.Build.0 = Release|Any CPU
		{EACA1038-8BB1-4118-8413-10F3B08AB207}.Debug|Any CPU.ActiveCfg = Debug|Any CPU
		{EACA1038-8BB1-4118-8413-10F3B08AB207}.Debug|Any CPU.Build.0 = Debug|Any CPU
		{EACA1038-8BB1-4118-8413-10F3B08AB207}.Release|Any CPU.ActiveCfg = Release|Any CPU
		{EACA1038-8BB1-4118-8413-10F3B08AB207}.Release|Any CPU.Build.0 = Release|Any CPU
		{BFB35733-3C40-4BBD-984C-28D3CFCA440E}.Debug|Any CPU.ActiveCfg = Debug|Any CPU
		{BFB35733-3C40-4BBD-984C-28D3CFCA440E}.Debug|Any CPU.Build.0 = Debug|Any CPU
		{BFB35733-3C40-4BBD-984C-28D3CFCA440E}.Release|Any CPU.ActiveCfg = Release|Any CPU
		{BFB35733-3C40-4BBD-984C-28D3CFCA440E}.Release|Any CPU.Build.0 = Release|Any CPU
		{81B83F3A-3106-4A40-95C9-FFB58F5CBFCE}.Debug|Any CPU.ActiveCfg = Debug|Any CPU
		{81B83F3A-3106-4A40-95C9-FFB58F5CBFCE}.Debug|Any CPU.Build.0 = Debug|Any CPU
		{81B83F3A-3106-4A40-95C9-FFB58F5CBFCE}.Release|Any CPU.ActiveCfg = Release|Any CPU
		{81B83F3A-3106-4A40-95C9-FFB58F5CBFCE}.Release|Any CPU.Build.0 = Release|Any CPU
		{14760DE7-3478-4D52-A061-1989B8D1A61B}.Debug|Any CPU.ActiveCfg = Debug|Any CPU
		{14760DE7-3478-4D52-A061-1989B8D1A61B}.Debug|Any CPU.Build.0 = Debug|Any CPU
		{14760DE7-3478-4D52-A061-1989B8D1A61B}.Release|Any CPU.ActiveCfg = Release|Any CPU
		{14760DE7-3478-4D52-A061-1989B8D1A61B}.Release|Any CPU.Build.0 = Release|Any CPU
		{803D3129-D90E-447A-9D96-789A36B52A64}.Debug|Any CPU.ActiveCfg = Debug|Any CPU
		{803D3129-D90E-447A-9D96-789A36B52A64}.Debug|Any CPU.Build.0 = Debug|Any CPU
		{803D3129-D90E-447A-9D96-789A36B52A64}.Release|Any CPU.ActiveCfg = Release|Any CPU
		{803D3129-D90E-447A-9D96-789A36B52A64}.Release|Any CPU.Build.0 = Release|Any CPU
		{518D49D5-E6C0-4DD5-B721-17CF857E9BB0}.Debug|Any CPU.ActiveCfg = Debug|Any CPU
		{518D49D5-E6C0-4DD5-B721-17CF857E9BB0}.Debug|Any CPU.Build.0 = Debug|Any CPU
		{518D49D5-E6C0-4DD5-B721-17CF857E9BB0}.Release|Any CPU.ActiveCfg = Release|Any CPU
		{518D49D5-E6C0-4DD5-B721-17CF857E9BB0}.Release|Any CPU.Build.0 = Release|Any CPU
		{A85976A9-C3F1-477A-9E54-225E28D051AF}.Debug|Any CPU.ActiveCfg = Debug|Any CPU
		{A85976A9-C3F1-477A-9E54-225E28D051AF}.Debug|Any CPU.Build.0 = Debug|Any CPU
		{A85976A9-C3F1-477A-9E54-225E28D051AF}.Release|Any CPU.ActiveCfg = Release|Any CPU
		{A85976A9-C3F1-477A-9E54-225E28D051AF}.Release|Any CPU.Build.0 = Release|Any CPU
		{5649A3B9-744A-42CE-AEFE-055108763048}.Debug|Any CPU.ActiveCfg = Debug|Any CPU
		{5649A3B9-744A-42CE-AEFE-055108763048}.Debug|Any CPU.Build.0 = Debug|Any CPU
		{5649A3B9-744A-42CE-AEFE-055108763048}.Release|Any CPU.ActiveCfg = Release|Any CPU
		{5649A3B9-744A-42CE-AEFE-055108763048}.Release|Any CPU.Build.0 = Release|Any CPU
		{96454522-3F21-4095-9223-FE172DC7DC3A}.Debug|Any CPU.ActiveCfg = Debug|Any CPU
		{96454522-3F21-4095-9223-FE172DC7DC3A}.Debug|Any CPU.Build.0 = Debug|Any CPU
		{96454522-3F21-4095-9223-FE172DC7DC3A}.Release|Any CPU.ActiveCfg = Release|Any CPU
		{96454522-3F21-4095-9223-FE172DC7DC3A}.Release|Any CPU.Build.0 = Release|Any CPU
		{77393D0F-213A-446B-BDEF-2DE3F83538A2}.Debug|Any CPU.ActiveCfg = Debug|Any CPU
		{77393D0F-213A-446B-BDEF-2DE3F83538A2}.Debug|Any CPU.Build.0 = Debug|Any CPU
		{77393D0F-213A-446B-BDEF-2DE3F83538A2}.Release|Any CPU.ActiveCfg = Release|Any CPU
		{77393D0F-213A-446B-BDEF-2DE3F83538A2}.Release|Any CPU.Build.0 = Release|Any CPU
		{D150A799-8058-4CFE-900C-0C99C7B12114}.Debug|Any CPU.ActiveCfg = Debug|Any CPU
		{D150A799-8058-4CFE-900C-0C99C7B12114}.Debug|Any CPU.Build.0 = Debug|Any CPU
		{D150A799-8058-4CFE-900C-0C99C7B12114}.Release|Any CPU.ActiveCfg = Release|Any CPU
		{D150A799-8058-4CFE-900C-0C99C7B12114}.Release|Any CPU.Build.0 = Release|Any CPU
		{F1CBFD24-6849-4912-89CB-F1E94846A922}.Debug|Any CPU.ActiveCfg = Debug|Any CPU
		{F1CBFD24-6849-4912-89CB-F1E94846A922}.Debug|Any CPU.Build.0 = Debug|Any CPU
		{F1CBFD24-6849-4912-89CB-F1E94846A922}.Release|Any CPU.ActiveCfg = Release|Any CPU
		{F1CBFD24-6849-4912-89CB-F1E94846A922}.Release|Any CPU.Build.0 = Release|Any CPU
		{0B74CB4F-BBA7-4341-A65A-3CCBC16E2C06}.Debug|Any CPU.ActiveCfg = Debug|Any CPU
		{0B74CB4F-BBA7-4341-A65A-3CCBC16E2C06}.Debug|Any CPU.Build.0 = Debug|Any CPU
		{0B74CB4F-BBA7-4341-A65A-3CCBC16E2C06}.Release|Any CPU.ActiveCfg = Release|Any CPU
		{0B74CB4F-BBA7-4341-A65A-3CCBC16E2C06}.Release|Any CPU.Build.0 = Release|Any CPU
		{985238DA-9364-4D9C-815E-F297FAD10A41}.Debug|Any CPU.ActiveCfg = Debug|Any CPU
		{985238DA-9364-4D9C-815E-F297FAD10A41}.Debug|Any CPU.Build.0 = Debug|Any CPU
		{985238DA-9364-4D9C-815E-F297FAD10A41}.Release|Any CPU.ActiveCfg = Release|Any CPU
		{985238DA-9364-4D9C-815E-F297FAD10A41}.Release|Any CPU.Build.0 = Release|Any CPU
		{3C35C6C1-6948-4ABC-9E22-6BF1679CECC2}.Debug|Any CPU.ActiveCfg = Debug|Any CPU
		{3C35C6C1-6948-4ABC-9E22-6BF1679CECC2}.Debug|Any CPU.Build.0 = Debug|Any CPU
		{3C35C6C1-6948-4ABC-9E22-6BF1679CECC2}.Release|Any CPU.ActiveCfg = Release|Any CPU
		{3C35C6C1-6948-4ABC-9E22-6BF1679CECC2}.Release|Any CPU.Build.0 = Release|Any CPU
		{49F40E19-ACC0-4320-A1B2-656654BDFAFC}.Debug|Any CPU.ActiveCfg = Debug|Any CPU
		{49F40E19-ACC0-4320-A1B2-656654BDFAFC}.Debug|Any CPU.Build.0 = Debug|Any CPU
		{49F40E19-ACC0-4320-A1B2-656654BDFAFC}.Release|Any CPU.ActiveCfg = Release|Any CPU
		{49F40E19-ACC0-4320-A1B2-656654BDFAFC}.Release|Any CPU.Build.0 = Release|Any CPU
		{855E37DF-1EDA-464C-BD05-9533E822027D}.Debug|Any CPU.ActiveCfg = Debug|Any CPU
		{855E37DF-1EDA-464C-BD05-9533E822027D}.Debug|Any CPU.Build.0 = Debug|Any CPU
		{855E37DF-1EDA-464C-BD05-9533E822027D}.Release|Any CPU.ActiveCfg = Release|Any CPU
		{855E37DF-1EDA-464C-BD05-9533E822027D}.Release|Any CPU.Build.0 = Release|Any CPU
		{4B05C6D9-64AC-4FDA-B9FD-ACFDE0E71330}.Debug|Any CPU.ActiveCfg = Debug|Any CPU
		{4B05C6D9-64AC-4FDA-B9FD-ACFDE0E71330}.Debug|Any CPU.Build.0 = Debug|Any CPU
		{4B05C6D9-64AC-4FDA-B9FD-ACFDE0E71330}.Release|Any CPU.ActiveCfg = Release|Any CPU
		{4B05C6D9-64AC-4FDA-B9FD-ACFDE0E71330}.Release|Any CPU.Build.0 = Release|Any CPU
		{FF0CC84F-1536-4760-B0CC-04A0CF93FFAE}.Debug|Any CPU.ActiveCfg = Debug|Any CPU
		{FF0CC84F-1536-4760-B0CC-04A0CF93FFAE}.Debug|Any CPU.Build.0 = Debug|Any CPU
		{FF0CC84F-1536-4760-B0CC-04A0CF93FFAE}.Release|Any CPU.ActiveCfg = Release|Any CPU
		{FF0CC84F-1536-4760-B0CC-04A0CF93FFAE}.Release|Any CPU.Build.0 = Release|Any CPU
		{AFABE108-DE3E-4BB9-A23E-2119FD1EEF7B}.Debug|Any CPU.ActiveCfg = Debug|Any CPU
		{AFABE108-DE3E-4BB9-A23E-2119FD1EEF7B}.Debug|Any CPU.Build.0 = Debug|Any CPU
		{AFABE108-DE3E-4BB9-A23E-2119FD1EEF7B}.Release|Any CPU.ActiveCfg = Release|Any CPU
		{AFABE108-DE3E-4BB9-A23E-2119FD1EEF7B}.Release|Any CPU.Build.0 = Release|Any CPU
		{2D58C8F6-AD72-43FE-9D32-153E28EAAF14}.Debug|Any CPU.ActiveCfg = Debug|Any CPU
		{2D58C8F6-AD72-43FE-9D32-153E28EAAF14}.Debug|Any CPU.Build.0 = Debug|Any CPU
		{2D58C8F6-AD72-43FE-9D32-153E28EAAF14}.Release|Any CPU.ActiveCfg = Release|Any CPU
		{2D58C8F6-AD72-43FE-9D32-153E28EAAF14}.Release|Any CPU.Build.0 = Release|Any CPU
		{1CF5D1B5-6DB2-4C8A-A37F-F8342492274E}.Debug|Any CPU.ActiveCfg = Debug|Any CPU
		{1CF5D1B5-6DB2-4C8A-A37F-F8342492274E}.Debug|Any CPU.Build.0 = Debug|Any CPU
		{1CF5D1B5-6DB2-4C8A-A37F-F8342492274E}.Release|Any CPU.ActiveCfg = Release|Any CPU
		{1CF5D1B5-6DB2-4C8A-A37F-F8342492274E}.Release|Any CPU.Build.0 = Release|Any CPU
		{C35527C4-9A27-443D-8FC4-9527B7BB2ACE}.Debug|Any CPU.ActiveCfg = Debug|Any CPU
		{C35527C4-9A27-443D-8FC4-9527B7BB2ACE}.Debug|Any CPU.Build.0 = Debug|Any CPU
		{C35527C4-9A27-443D-8FC4-9527B7BB2ACE}.Release|Any CPU.ActiveCfg = Release|Any CPU
		{C35527C4-9A27-443D-8FC4-9527B7BB2ACE}.Release|Any CPU.Build.0 = Release|Any CPU
		{249826F1-D5E9-4208-BAD3-F475C3BE3A00}.Debug|Any CPU.ActiveCfg = Debug|Any CPU
		{249826F1-D5E9-4208-BAD3-F475C3BE3A00}.Debug|Any CPU.Build.0 = Debug|Any CPU
		{249826F1-D5E9-4208-BAD3-F475C3BE3A00}.Release|Any CPU.ActiveCfg = Release|Any CPU
		{249826F1-D5E9-4208-BAD3-F475C3BE3A00}.Release|Any CPU.Build.0 = Release|Any CPU
		{87996FC9-F051-41D0-A856-A4165E30CDA2}.Debug|Any CPU.ActiveCfg = Debug|Any CPU
		{87996FC9-F051-41D0-A856-A4165E30CDA2}.Debug|Any CPU.Build.0 = Debug|Any CPU
		{87996FC9-F051-41D0-A856-A4165E30CDA2}.Release|Any CPU.ActiveCfg = Release|Any CPU
		{87996FC9-F051-41D0-A856-A4165E30CDA2}.Release|Any CPU.Build.0 = Release|Any CPU
		{97A48B1C-7887-4E4F-822A-99173C37C45F}.Debug|Any CPU.ActiveCfg = Debug|Any CPU
		{97A48B1C-7887-4E4F-822A-99173C37C45F}.Debug|Any CPU.Build.0 = Debug|Any CPU
		{97A48B1C-7887-4E4F-822A-99173C37C45F}.Release|Any CPU.ActiveCfg = Release|Any CPU
		{97A48B1C-7887-4E4F-822A-99173C37C45F}.Release|Any CPU.Build.0 = Release|Any CPU
		{5EBE5CBC-EAC3-460B-B9FF-0D525CDE9550}.Debug|Any CPU.ActiveCfg = Debug|Any CPU
		{5EBE5CBC-EAC3-460B-B9FF-0D525CDE9550}.Debug|Any CPU.Build.0 = Debug|Any CPU
		{5EBE5CBC-EAC3-460B-B9FF-0D525CDE9550}.Release|Any CPU.ActiveCfg = Release|Any CPU
		{5EBE5CBC-EAC3-460B-B9FF-0D525CDE9550}.Release|Any CPU.Build.0 = Release|Any CPU
		{8F69825D-2A72-491F-B6E8-DE7C8FB4DFF4}.Debug|Any CPU.ActiveCfg = Debug|Any CPU
		{8F69825D-2A72-491F-B6E8-DE7C8FB4DFF4}.Debug|Any CPU.Build.0 = Debug|Any CPU
		{8F69825D-2A72-491F-B6E8-DE7C8FB4DFF4}.Release|Any CPU.ActiveCfg = Release|Any CPU
		{8F69825D-2A72-491F-B6E8-DE7C8FB4DFF4}.Release|Any CPU.Build.0 = Release|Any CPU
		{D721324F-CAAF-433E-9D00-59632CC97C79}.Debug|Any CPU.ActiveCfg = Debug|Any CPU
		{D721324F-CAAF-433E-9D00-59632CC97C79}.Debug|Any CPU.Build.0 = Debug|Any CPU
		{D721324F-CAAF-433E-9D00-59632CC97C79}.Release|Any CPU.ActiveCfg = Release|Any CPU
		{D721324F-CAAF-433E-9D00-59632CC97C79}.Release|Any CPU.Build.0 = Release|Any CPU
	EndGlobalSection
	GlobalSection(SolutionProperties) = preSolution
		HideSolutionNode = FALSE
	EndGlobalSection
	GlobalSection(ExtensibilityGlobals) = postSolution
		SolutionGuid = {E8D125F3-A470-4A92-AD87-09A2961DA3FC}
	EndGlobalSection
EndGlobal
